{
  "version": 4,
  "terraform_version": "1.12.2",
  "serial": 5,
  "lineage": "05ae6425-b3c9-cbbd-5b1b-c92f968aba1d",
  "outputs": {},
  "resources": [
    {
      "mode": "managed",
      "type": "helm_release",
      "name": "immich",
      "provider": "provider[\"registry.terraform.io/hashicorp/helm\"]",
      "instances": [
        {
          "schema_version": 2,
          "attributes": {
            "atomic": false,
            "chart": "oci://ghcr.io/immich-app/immich-charts/immich",
            "cleanup_on_fail": false,
            "create_namespace": false,
            "dependency_update": false,
            "description": null,
            "devel": null,
            "disable_crd_hooks": false,
            "disable_openapi_validation": false,
            "disable_webhooks": false,
            "force_update": false,
            "id": "immich",
            "keyring": null,
            "lint": false,
            "manifest": null,
            "max_history": 0,
            "metadata": {
              "app_version": "v1.119.0",
              "chart": "immich",
              "first_deployed": 1754205830,
              "last_deployed": 1754205830,
              "name": "immich",
              "namespace": "immich",
              "notes": "CHART NAME: redis\nCHART VERSION: 20.13.2\nAPP VERSION: 7.4.3\n\nDid you know there are enterprise versions of the Bitnami catalog? For enhanced secure software supply chain features, unlimited pulls from Docker, LTS support, or application customization, see Bitnami Premium or Tanzu Application Catalog. See https://www.arrow.com/globalecs/na/vendors/bitnami for more information.\n\n** Please be patient while the chart is being deployed **\n\nRedis\u0026reg; can be accessed via port 6379 on the following DNS name from within your cluster:\n\n    immich-redis-master.immich.svc.cluster.local\n\n\n\nTo connect to your Redis\u0026reg; server:\n\n1. Run a Redis\u0026reg; pod that you can use as a client:\n\n   kubectl run --namespace immich redis-client --restart='Never'  --image docker.io/bitnami/redis:7.4.3-debian-12-r0 --command -- sleep infinity\n\n   Use the following command to attach to the pod:\n\n   kubectl exec --tty -i redis-client \\\n   --namespace immich -- bash\n\n2. Connect using the Redis\u0026reg; CLI:\n   redis-cli -h immich-redis-master\n\nTo connect to your database from outside the cluster execute the following commands:\n\n    kubectl port-forward --namespace immich svc/immich-redis-master 6379:6379 \u0026\n    redis-cli -h 127.0.0.1 -p 6379\n\nWARNING: There are \"resources\" sections in the chart not set. Using \"resourcesPreset\" is not recommended for production. For production installations, please set the following values according to your workload needs:\n  - replica.resources\n  - master.resources\n+info https://kubernetes.io/docs/concepts/configuration/manage-resources-containers/\n",
              "revision": 1,
              "values": "{\"env\":{\"DB_HOSTNAME\":\"immich-postgres-rw\"},\"image\":{\"tag\":\"v1.135.3\"},\"immich\":{\"persistence\":{\"library\":{\"existingClaim\":\"immich-pvc\"}}},\"redis\":{\"enabled\":true}}",
              "version": "0.9.3"
            },
            "name": "immich",
            "namespace": "immich",
            "pass_credentials": false,
            "postrender": null,
            "recreate_pods": false,
            "render_subchart_notes": true,
            "replace": false,
            "repository": null,
            "repository_ca_file": null,
            "repository_cert_file": null,
            "repository_key_file": null,
            "repository_password": null,
            "repository_username": null,
            "reset_values": false,
            "reuse_values": false,
            "set": [
              {
                "name": "immich.persistence.library.existingClaim",
                "type": "",
                "value": "immich-pvc"
              },
              {
                "name": "redis.enabled",
                "type": "",
                "value": "true"
              },
              {
                "name": "image.tag",
                "type": "",
                "value": "v1.135.3"
              },
              {
                "name": "env.DB_HOSTNAME",
                "type": "",
                "value": "immich-postgres-rw"
              }
            ],
            "set_list": null,
            "set_sensitive": null,
            "set_wo": null,
            "set_wo_revision": null,
            "skip_crds": false,
            "status": "deployed",
            "timeout": 300,
            "values": null,
            "verify": false,
            "version": "0.9.3",
            "wait": true,
            "wait_for_jobs": false
          },
          "sensitive_attributes": [
            [
              {
                "type": "get_attr",
                "value": "repository_password"
              }
            ]
          ],
          "identity_schema_version": 0,
          "identity": {
            "namespace": "immich",
            "release_name": "immich"
          }
        }
      ]
    }
  ],
  "check_results": null
}
