{
  "version": 4,
  "terraform_version": "1.5.6",
  "serial": 3,
  "lineage": "bdac2826-67cc-9d6f-01b3-29b889fc3d51",
  "outputs": {},
  "resources": [
    {
      "mode": "managed",
      "type": "helm_release",
      "name": "ollama_dev",
      "provider": "provider[\"registry.terraform.io/hashicorp/helm\"]",
      "instances": [
        {
          "schema_version": 2,
          "attributes": {
            "atomic": false,
            "chart": "ollama",
            "cleanup_on_fail": true,
            "create_namespace": false,
            "dependency_update": false,
            "description": null,
            "devel": null,
            "disable_crd_hooks": false,
            "disable_openapi_validation": false,
            "disable_webhooks": false,
            "force_update": false,
            "id": "ollama",
            "keyring": null,
            "lint": false,
            "manifest": null,
            "max_history": 0,
            "metadata": {
              "app_version": "0.9.3",
              "chart": "ollama",
              "first_deployed": 1751124538,
              "last_deployed": 1751124538,
              "name": "ollama",
              "namespace": "dev",
              "notes": "1. Get the application URL by running these commands:\n  export POD_NAME=$(kubectl get pods --namespace dev -l \"app.kubernetes.io/name=ollama,app.kubernetes.io/instance=ollama\" -o jsonpath=\"{.items[0].metadata.name}\")\n  export CONTAINER_PORT=$(kubectl get pod --namespace dev $POD_NAME -o jsonpath=\"{.spec.containers[0].ports[0].containerPort}\")\n  echo \"Visit http://127.0.0.1:8080 to use your application\"\n  kubectl --namespace dev port-forward $POD_NAME 8080:$CONTAINER_PORT\n",
              "revision": 1,
              "values": "{}",
              "version": "1.22.0"
            },
            "name": "ollama",
            "namespace": "dev",
            "pass_credentials": false,
            "postrender": null,
            "recreate_pods": false,
            "render_subchart_notes": true,
            "replace": false,
            "repository": "https://helm.otwld.com",
            "repository_ca_file": null,
            "repository_cert_file": null,
            "repository_key_file": null,
            "repository_password": null,
            "repository_username": null,
            "reset_values": false,
            "reuse_values": false,
            "set": null,
            "set_list": null,
            "set_sensitive": null,
            "set_wo": null,
            "set_wo_revision": null,
            "skip_crds": false,
            "status": "deployed",
            "timeout": 300,
            "values": null,
            "verify": false,
            "version": "1.22.0",
            "wait": true,
            "wait_for_jobs": false
          },
          "sensitive_attributes": []
        }
      ]
    }
  ],
  "check_results": null
}
